{
  "name": "pyfiles-copy",
  "version": "1.0.4",
  "lockfileVersion": 1,
  "requires": true,
  "dependencies": {
    "pyfiles": {
      "version": "1.0.6",
      "resolved": "https://registry.npmjs.org/pyfiles/-/pyfiles-1.0.6.tgz",
      "integrity": "sha512-Y1EWG7wh2iBLPJ10n3aTlAeenyflZtmrPnl7GACLjJqpe/qZ4lSOTKVh8ZibTUAE0MgKOe29OQhTI4CIEiDueA=="
    }
  }
}
