{
  "name": "pyfiles-copy",
  "version": "1.0.2",
  "lockfileVersion": 1,
  "requires": true,
  "dependencies": {
    "pyfiles": {
      "version": "1.0.2",
      "resolved": "https://registry.npmjs.org/pyfiles/-/pyfiles-1.0.2.tgz",
      "integrity": "sha512-qcuciGl56nVcpV5MmvE2pNA9+sFi0RDJk5nqrkR+tbFIkgQmaIwsvlsTmpl7gbj5/4UB6td7Jf1G8sf0o8bthw=="
    }
  }
}
