{
  "name": "pyfiles-copy",
  "version": "1.0.3",
  "lockfileVersion": 1,
  "requires": true,
  "dependencies": {
    "pyfiles": {
      "version": "1.0.5",
      "resolved": "https://registry.npmjs.org/pyfiles/-/pyfiles-1.0.5.tgz",
      "integrity": "sha512-cXmK27NiZhumguFqJe4jrBCj5WnOUr5a/Ute+WqL/fc/J+tNRvQ31wVxbS7/T8ZKkcpqk+ZfxgsLQTt+I/iZZA=="
    }
  }
}
